
Microsoft Visual Studio Solution File, Format Version 12.00
# Visual Studio Version 17
VisualStudioVersion = 17.5.002.0
MinimumVisualStudioVersion = 10.0.40219.1
Project("{2150E333-8FDC-42A3-9474-1A3956D46DE8}") = "src", "src", "{2977BA0B-A114-4FD9-800A-9CB7ADC5FF1B}"
EndProject
Project("{9A19103F-16F7-4668-BE54-9A1E7A4F7556}") = "Play.Inventory.Service", "src\Play.Inventory.Service\Play.Inventory.Service.csproj", "{B84335A3-FF43-4C8C-99EC-7B30286C6014}"
EndProject
Global
	GlobalSection(SolutionConfigurationPlatforms) = preSolution
		Debug|Any CPU = Debug|Any CPU
		Release|Any CPU = Release|Any CPU
	EndGlobalSection
	GlobalSection(ProjectConfigurationPlatforms) = postSolution
		{B84335A3-FF43-4C8C-99EC-7B30286C6014}.Debug|Any CPU.ActiveCfg = Debug|Any CPU
		{B84335A3-FF43-4C8C-99EC-7B30286C6014}.Debug|Any CPU.Build.0 = Debug|Any CPU
		{B84335A3-FF43-4C8C-99EC-7B30286C6014}.Release|Any CPU.ActiveCfg = Release|Any CPU
		{B84335A3-FF43-4C8C-99EC-7B30286C6014}.Release|Any CPU.Build.0 = Release|Any CPU
	EndGlobalSection
	GlobalSection(SolutionProperties) = preSolution
		HideSolutionNode = FALSE
	EndGlobalSection
	GlobalSection(NestedProjects) = preSolution
		{B84335A3-FF43-4C8C-99EC-7B30286C6014} = {2977BA0B-A114-4FD9-800A-9CB7ADC5FF1B}
	EndGlobalSection
	GlobalSection(ExtensibilityGlobals) = postSolution
		SolutionGuid = {6ED3DD6C-4ABA-4A72-BE55-5D21DBFD8ABA}
	EndGlobalSection
EndGlobal
